// !$*UTF8*$!
{
	archiveVersion = 1;
	classes = {
	};
	objectVersion = 56;
	objects = {

/* Begin PBXBuildFile section */
		2AF4213C298D839900D46BA7 /* TheMovieDBApp.swift in Sources */ = {isa = PBXBuildFile; fileRef = 2AF4213B298D839900D46BA7 /* TheMovieDBApp.swift */; };
		2AF4213E298D839900D46BA7 /* ContentView.swift in Sources */ = {isa = PBXBuildFile; fileRef = 2AF4213D298D839900D46BA7 /* ContentView.swift */; };
		2AF42140298D839A00D46BA7 /* Assets.xcassets in Resources */ = {isa = PBXBuildFile; fileRef = 2AF4213F298D839A00D46BA7 /* Assets.xcassets */; };
		2AF42143298D839A00D46BA7 /* Preview Assets.xcassets in Resources */ = {isa = PBXBuildFile; fileRef = 2AF42142298D839A00D46BA7 /* Preview Assets.xcassets */; };
		2AF42157298D839A00D46BA7 /* TheMovieDBUITests.swift in Sources */ = {isa = PBXBuildFile; fileRef = 2AF42156298D839A00D46BA7 /* TheMovieDBUITests.swift */; };
		2AF42159298D839A00D46BA7 /* TheMovieDBUITestsLaunchTests.swift in Sources */ = {isa = PBXBuildFile; fileRef = 2AF42158298D839A00D46BA7 /* TheMovieDBUITestsLaunchTests.swift */; };
		2AF42167298D85D300D46BA7 /* MovieListView.swift in Sources */ = {isa = PBXBuildFile; fileRef = 2AF42166298D85D300D46BA7 /* MovieListView.swift */; };
		2AF42169298D861300D46BA7 /* MovieRowView.swift in Sources */ = {isa = PBXBuildFile; fileRef = 2AF42168298D861300D46BA7 /* MovieRowView.swift */; };
		2AF4216C298D895A00D46BA7 /* PopularMovieResponse.swift in Sources */ = {isa = PBXBuildFile; fileRef = 2AF4216B298D895A00D46BA7 /* PopularMovieResponse.swift */; };
		2AF4216E298D89B100D46BA7 /* NetworkUtility.swift in Sources */ = {isa = PBXBuildFile; fileRef = 2AF4216D298D89B100D46BA7 /* NetworkUtility.swift */; };
		2AF42170298D8BF000D46BA7 /* MovieListViewModel.swift in Sources */ = {isa = PBXBuildFile; fileRef = 2AF4216F298D8BF000D46BA7 /* MovieListViewModel.swift */; };
		2AF42174298E4EB600D46BA7 /* MovieDetailView.swift in Sources */ = {isa = PBXBuildFile; fileRef = 2AF42173298E4EB600D46BA7 /* MovieDetailView.swift */; };
		2AF42177298E59B400D46BA7 /* ImageDownloaderUtility.swift in Sources */ = {isa = PBXBuildFile; fileRef = 2AF42176298E59B400D46BA7 /* ImageDownloaderUtility.swift */; };
		2AF42179298E684C00D46BA7 /* LazyImage.swift in Sources */ = {isa = PBXBuildFile; fileRef = 2AF42178298E684C00D46BA7 /* LazyImage.swift */; };
		2AF4217D298E8EFD00D46BA7 /* MovieDetails.swift in Sources */ = {isa = PBXBuildFile; fileRef = 2AF4217C298E8EFD00D46BA7 /* MovieDetails.swift */; };
		2AF42188298E922300D46BA7 /* MovieDetailViewModel.swift in Sources */ = {isa = PBXBuildFile; fileRef = 2AF42187298E922300D46BA7 /* MovieDetailViewModel.swift */; };
		2AF421C6299274EE00D46BA7 /* NetworkConstants.swift in Sources */ = {isa = PBXBuildFile; fileRef = 2AF421C5299274EE00D46BA7 /* NetworkConstants.swift */; };
		2AF421CA2992799700D46BA7 /* TheMovieDBService.swift in Sources */ = {isa = PBXBuildFile; fileRef = 2AF421C92992799700D46BA7 /* TheMovieDBService.swift */; };
		2AF4220A29941EFF00D46BA7 /* themoviedb.json in Resources */ = {isa = PBXBuildFile; fileRef = 2AF42171298E0A2400D46BA7 /* themoviedb.json */; };
		2AF4220B29941F0300D46BA7 /* MovieDetail.json in Resources */ = {isa = PBXBuildFile; fileRef = 2AF42185298E917200D46BA7 /* MovieDetail.json */; };
		2AF4220F2994218D00D46BA7 /* TheMovieDBServiceMock.swift in Sources */ = {isa = PBXBuildFile; fileRef = 2AF4220E2994218D00D46BA7 /* TheMovieDBServiceMock.swift */; };
		2AF422132994280100D46BA7 /* MovieListViewModelTest.swift in Sources */ = {isa = PBXBuildFile; fileRef = 2AF422122994280100D46BA7 /* MovieListViewModelTest.swift */; };
		2AF4221529942F4200D46BA7 /* MovieDetailViewModelTest.swift in Sources */ = {isa = PBXBuildFile; fileRef = 2AF4221429942F4200D46BA7 /* MovieDetailViewModelTest.swift */; };
/* End PBXBuildFile section */

/* Begin PBXContainerItemProxy section */
		2AF42149298D839A00D46BA7 /* PBXContainerItemProxy */ = {
			isa = PBXContainerItemProxy;
			containerPortal = 2AF42130298D839900D46BA7 /* Project object */;
			proxyType = 1;
			remoteGlobalIDString = 2AF42137298D839900D46BA7;
			remoteInfo = TheMovieDB;
		};
		2AF42153298D839A00D46BA7 /* PBXContainerItemProxy */ = {
			isa = PBXContainerItemProxy;
			containerPortal = 2AF42130298D839900D46BA7 /* Project object */;
			proxyType = 1;
			remoteGlobalIDString = 2AF42137298D839900D46BA7;
			remoteInfo = TheMovieDB;
		};
/* End PBXContainerItemProxy section */

/* Begin PBXFileReference section */
		2AF42138298D839900D46BA7 /* TheMovieDB.app */ = {isa = PBXFileReference; explicitFileType = wrapper.application; includeInIndex = 0; path = TheMovieDB.app; sourceTree = BUILT_PRODUCTS_DIR; };
		2AF4213B298D839900D46BA7 /* TheMovieDBApp.swift */ = {isa = PBXFileReference; lastKnownFileType = sourcecode.swift; path = TheMovieDBApp.swift; sourceTree = "<group>"; };
		2AF4213D298D839900D46BA7 /* ContentView.swift */ = {isa = PBXFileReference; lastKnownFileType = sourcecode.swift; path = ContentView.swift; sourceTree = "<group>"; };
		2AF4213F298D839A00D46BA7 /* Assets.xcassets */ = {isa = PBXFileReference; lastKnownFileType = folder.assetcatalog; path = Assets.xcassets; sourceTree = "<group>"; };
		2AF42142298D839A00D46BA7 /* Preview Assets.xcassets */ = {isa = PBXFileReference; lastKnownFileType = folder.assetcatalog; path = "Preview Assets.xcassets"; sourceTree = "<group>"; };
		2AF42148298D839A00D46BA7 /* TheMovieDBTests.xctest */ = {isa = PBXFileReference; explicitFileType = wrapper.cfbundle; includeInIndex = 0; path = TheMovieDBTests.xctest; sourceTree = BUILT_PRODUCTS_DIR; };
		2AF42152298D839A00D46BA7 /* TheMovieDBUITests.xctest */ = {isa = PBXFileReference; explicitFileType = wrapper.cfbundle; includeInIndex = 0; path = TheMovieDBUITests.xctest; sourceTree = BUILT_PRODUCTS_DIR; };
		2AF42156298D839A00D46BA7 /* TheMovieDBUITests.swift */ = {isa = PBXFileReference; lastKnownFileType = sourcecode.swift; path = TheMovieDBUITests.swift; sourceTree = "<group>"; };
		2AF42158298D839A00D46BA7 /* TheMovieDBUITestsLaunchTests.swift */ = {isa = PBXFileReference; lastKnownFileType = sourcecode.swift; path = TheMovieDBUITestsLaunchTests.swift; sourceTree = "<group>"; };
		2AF42166298D85D300D46BA7 /* MovieListView.swift */ = {isa = PBXFileReference; lastKnownFileType = sourcecode.swift; path = MovieListView.swift; sourceTree = "<group>"; };
		2AF42168298D861300D46BA7 /* MovieRowView.swift */ = {isa = PBXFileReference; lastKnownFileType = sourcecode.swift; path = MovieRowView.swift; sourceTree = "<group>"; };
		2AF4216B298D895A00D46BA7 /* PopularMovieResponse.swift */ = {isa = PBXFileReference; lastKnownFileType = sourcecode.swift; path = PopularMovieResponse.swift; sourceTree = "<group>"; };
		2AF4216D298D89B100D46BA7 /* NetworkUtility.swift */ = {isa = PBXFileReference; lastKnownFileType = sourcecode.swift; path = NetworkUtility.swift; sourceTree = "<group>"; };
		2AF4216F298D8BF000D46BA7 /* MovieListViewModel.swift */ = {isa = PBXFileReference; lastKnownFileType = sourcecode.swift; path = MovieListViewModel.swift; sourceTree = "<group>"; };
		2AF42171298E0A2400D46BA7 /* themoviedb.json */ = {isa = PBXFileReference; lastKnownFileType = text.json; path = themoviedb.json; sourceTree = "<group>"; };
		2AF42173298E4EB600D46BA7 /* MovieDetailView.swift */ = {isa = PBXFileReference; lastKnownFileType = sourcecode.swift; path = MovieDetailView.swift; sourceTree = "<group>"; };
		2AF42176298E59B400D46BA7 /* ImageDownloaderUtility.swift */ = {isa = PBXFileReference; lastKnownFileType = sourcecode.swift; path = ImageDownloaderUtility.swift; sourceTree = "<group>"; };
		2AF42178298E684C00D46BA7 /* LazyImage.swift */ = {isa = PBXFileReference; lastKnownFileType = sourcecode.swift; path = LazyImage.swift; sourceTree = "<group>"; };
		2AF4217C298E8EFD00D46BA7 /* MovieDetails.swift */ = {isa = PBXFileReference; lastKnownFileType = sourcecode.swift; path = MovieDetails.swift; sourceTree = "<group>"; };
		2AF42185298E917200D46BA7 /* MovieDetail.json */ = {isa = PBXFileReference; lastKnownFileType = text.json; path = MovieDetail.json; sourceTree = "<group>"; };
		2AF42187298E922300D46BA7 /* MovieDetailViewModel.swift */ = {isa = PBXFileReference; lastKnownFileType = sourcecode.swift; path = MovieDetailViewModel.swift; sourceTree = "<group>"; };
		2AF421C5299274EE00D46BA7 /* NetworkConstants.swift */ = {isa = PBXFileReference; lastKnownFileType = sourcecode.swift; path = NetworkConstants.swift; sourceTree = "<group>"; };
		2AF421C92992799700D46BA7 /* TheMovieDBService.swift */ = {isa = PBXFileReference; lastKnownFileType = sourcecode.swift; path = TheMovieDBService.swift; sourceTree = "<group>"; };
		2AF4220E2994218D00D46BA7 /* TheMovieDBServiceMock.swift */ = {isa = PBXFileReference; lastKnownFileType = sourcecode.swift; path = TheMovieDBServiceMock.swift; sourceTree = "<group>"; };
		2AF422122994280100D46BA7 /* MovieListViewModelTest.swift */ = {isa = PBXFileReference; lastKnownFileType = sourcecode.swift; path = MovieListViewModelTest.swift; sourceTree = "<group>"; };
		2AF4221429942F4200D46BA7 /* MovieDetailViewModelTest.swift */ = {isa = PBXFileReference; lastKnownFileType = sourcecode.swift; path = MovieDetailViewModelTest.swift; sourceTree = "<group>"; };
/* End PBXFileReference section */

/* Begin PBXFrameworksBuildPhase section */
		2AF42135298D839900D46BA7 /* Frameworks */ = {
			isa = PBXFrameworksBuildPhase;
			buildActionMask = 2147483647;
			files = (
			);
			runOnlyForDeploymentPostprocessing = 0;
		};
		2AF42145298D839A00D46BA7 /* Frameworks */ = {
			isa = PBXFrameworksBuildPhase;
			buildActionMask = 2147483647;
			files = (
			);
			runOnlyForDeploymentPostprocessing = 0;
		};
		2AF4214F298D839A00D46BA7 /* Frameworks */ = {
			isa = PBXFrameworksBuildPhase;
			buildActionMask = 2147483647;
			files = (
			);
			runOnlyForDeploymentPostprocessing = 0;
		};
/* End PBXFrameworksBuildPhase section */

/* Begin PBXGroup section */
		2AF4212F298D839900D46BA7 = {
			isa = PBXGroup;
			children = (
				2AF4213A298D839900D46BA7 /* TheMovieDB */,
				2AF4214B298D839A00D46BA7 /* TheMovieDBTests */,
				2AF42155298D839A00D46BA7 /* TheMovieDBUITests */,
				2AF42139298D839900D46BA7 /* Products */,
			);
			sourceTree = "<group>";
		};
		2AF42139298D839900D46BA7 /* Products */ = {
			isa = PBXGroup;
			children = (
				2AF42138298D839900D46BA7 /* TheMovieDB.app */,
				2AF42148298D839A00D46BA7 /* TheMovieDBTests.xctest */,
				2AF42152298D839A00D46BA7 /* TheMovieDBUITests.xctest */,
			);
			name = Products;
			sourceTree = "<group>";
		};
		2AF4213A298D839900D46BA7 /* TheMovieDB */ = {
			isa = PBXGroup;
			children = (
				2AF4213B298D839900D46BA7 /* TheMovieDBApp.swift */,
				2AF4213D298D839900D46BA7 /* ContentView.swift */,
				2AF42180298E8FAB00D46BA7 /* Model */,
				2AF4217F298E8FA200D46BA7 /* View */,
				2AF42181298E8FB100D46BA7 /* ViewModel */,
				2AF42175298E598400D46BA7 /* Utilities */,
				2AF42184298E901E00D46BA7 /* Resources */,
				2AF4213F298D839A00D46BA7 /* Assets.xcassets */,
				2AF42141298D839A00D46BA7 /* Preview Content */,
			);
			path = TheMovieDB;
			sourceTree = "<group>";
		};
		2AF42141298D839A00D46BA7 /* Preview Content */ = {
			isa = PBXGroup;
			children = (
				2AF42142298D839A00D46BA7 /* Preview Assets.xcassets */,
			);
			path = "Preview Content";
			sourceTree = "<group>";
		};
		2AF4214B298D839A00D46BA7 /* TheMovieDBTests */ = {
			isa = PBXGroup;
			children = (
				2AF4220929941EE200D46BA7 /* MockResponse */,
				2AF4220E2994218D00D46BA7 /* TheMovieDBServiceMock.swift */,
				2AF422122994280100D46BA7 /* MovieListViewModelTest.swift */,
				2AF4221429942F4200D46BA7 /* MovieDetailViewModelTest.swift */,
			);
			path = TheMovieDBTests;
			sourceTree = "<group>";
		};
		2AF42155298D839A00D46BA7 /* TheMovieDBUITests */ = {
			isa = PBXGroup;
			children = (
				2AF42156298D839A00D46BA7 /* TheMovieDBUITests.swift */,
				2AF42158298D839A00D46BA7 /* TheMovieDBUITestsLaunchTests.swift */,
			);
			path = TheMovieDBUITests;
			sourceTree = "<group>";
		};
		2AF42175298E598400D46BA7 /* Utilities */ = {
			isa = PBXGroup;
			children = (
				2AF421C72992797300D46BA7 /* Network */,
				2AF42176298E59B400D46BA7 /* ImageDownloaderUtility.swift */,
			);
			path = Utilities;
			sourceTree = "<group>";
		};
		2AF4217F298E8FA200D46BA7 /* View */ = {
			isa = PBXGroup;
			children = (
				2AF42166298D85D300D46BA7 /* MovieListView.swift */,
				2AF42168298D861300D46BA7 /* MovieRowView.swift */,
				2AF42173298E4EB600D46BA7 /* MovieDetailView.swift */,
				2AF42178298E684C00D46BA7 /* LazyImage.swift */,
			);
			path = View;
			sourceTree = "<group>";
		};
		2AF42180298E8FAB00D46BA7 /* Model */ = {
			isa = PBXGroup;
			children = (
				2AF4216B298D895A00D46BA7 /* PopularMovieResponse.swift */,
				2AF4217C298E8EFD00D46BA7 /* MovieDetails.swift */,
			);
			path = Model;
			sourceTree = "<group>";
		};
		2AF42181298E8FB100D46BA7 /* ViewModel */ = {
			isa = PBXGroup;
			children = (
				2AF4216F298D8BF000D46BA7 /* MovieListViewModel.swift */,
				2AF42187298E922300D46BA7 /* MovieDetailViewModel.swift */,
			);
			path = ViewModel;
			sourceTree = "<group>";
		};
		2AF42184298E901E00D46BA7 /* Resources */ = {
			isa = PBXGroup;
			children = (
				2AF421C5299274EE00D46BA7 /* NetworkConstants.swift */,
			);
			path = Resources;
			sourceTree = "<group>";
		};
		2AF421C72992797300D46BA7 /* Network */ = {
			isa = PBXGroup;
			children = (
				2AF421C82992798100D46BA7 /* Services */,
				2AF4216D298D89B100D46BA7 /* NetworkUtility.swift */,
			);
			path = Network;
			sourceTree = "<group>";
		};
		2AF421C82992798100D46BA7 /* Services */ = {
			isa = PBXGroup;
			children = (
				2AF421C92992799700D46BA7 /* TheMovieDBService.swift */,
			);
			path = Services;
			sourceTree = "<group>";
		};
		2AF4220929941EE200D46BA7 /* MockResponse */ = {
			isa = PBXGroup;
			children = (
				2AF42171298E0A2400D46BA7 /* themoviedb.json */,
				2AF42185298E917200D46BA7 /* MovieDetail.json */,
			);
			path = MockResponse;
			sourceTree = "<group>";
		};
/* End PBXGroup section */

/* Begin PBXNativeTarget section */
		2AF42137298D839900D46BA7 /* TheMovieDB */ = {
			isa = PBXNativeTarget;
			buildConfigurationList = 2AF4215C298D839A00D46BA7 /* Build configuration list for PBXNativeTarget "TheMovieDB" */;
			buildPhases = (
				2AF42134298D839900D46BA7 /* Sources */,
				2AF42135298D839900D46BA7 /* Frameworks */,
				2AF42136298D839900D46BA7 /* Resources */,
			);
			buildRules = (
			);
			dependencies = (
			);
			name = TheMovieDB;
			productName = TheMovieDB;
			productReference = 2AF42138298D839900D46BA7 /* TheMovieDB.app */;
			productType = "com.apple.product-type.application";
		};
		2AF42147298D839A00D46BA7 /* TheMovieDBTests */ = {
			isa = PBXNativeTarget;
			buildConfigurationList = 2AF4215F298D839A00D46BA7 /* Build configuration list for PBXNativeTarget "TheMovieDBTests" */;
			buildPhases = (
				2AF42144298D839A00D46BA7 /* Sources */,
				2AF42145298D839A00D46BA7 /* Frameworks */,
				2AF42146298D839A00D46BA7 /* Resources */,
			);
			buildRules = (
			);
			dependencies = (
				2AF4214A298D839A00D46BA7 /* PBXTargetDependency */,
			);
			name = TheMovieDBTests;
			productName = TheMovieDBTests;
			productReference = 2AF42148298D839A00D46BA7 /* TheMovieDBTests.xctest */;
			productType = "com.apple.product-type.bundle.unit-test";
		};
		2AF42151298D839A00D46BA7 /* TheMovieDBUITests */ = {
			isa = PBXNativeTarget;
			buildConfigurationList = 2AF42162298D839A00D46BA7 /* Build configuration list for PBXNativeTarget "TheMovieDBUITests" */;
			buildPhases = (
				2AF4214E298D839A00D46BA7 /* Sources */,
				2AF4214F298D839A00D46BA7 /* Frameworks */,
				2AF42150298D839A00D46BA7 /* Resources */,
			);
			buildRules = (
			);
			dependencies = (
				2AF42154298D839A00D46BA7 /* PBXTargetDependency */,
			);
			name = TheMovieDBUITests;
			productName = TheMovieDBUITests;
			productReference = 2AF42152298D839A00D46BA7 /* TheMovieDBUITests.xctest */;
			productType = "com.apple.product-type.bundle.ui-testing";
		};
/* End PBXNativeTarget section */

/* Begin PBXProject section */
		2AF42130298D839900D46BA7 /* Project object */ = {
			isa = PBXProject;
			attributes = {
				BuildIndependentTargetsInParallel = 1;
				LastSwiftUpdateCheck = 1420;
				LastUpgradeCheck = 1420;
				TargetAttributes = {
					2AF42137298D839900D46BA7 = {
						CreatedOnToolsVersion = 14.2;
					};
					2AF42147298D839A00D46BA7 = {
						CreatedOnToolsVersion = 14.2;
						TestTargetID = 2AF42137298D839900D46BA7;
					};
					2AF42151298D839A00D46BA7 = {
						CreatedOnToolsVersion = 14.2;
						TestTargetID = 2AF42137298D839900D46BA7;
					};
				};
			};
			buildConfigurationList = 2AF42133298D839900D46BA7 /* Build configuration list for PBXProject "TheMovieDB" */;
			compatibilityVersion = "Xcode 14.0";
			developmentRegion = en;
			hasScannedForEncodings = 0;
			knownRegions = (
				en,
				Base,
			);
			mainGroup = 2AF4212F298D839900D46BA7;
			productRefGroup = 2AF42139298D839900D46BA7 /* Products */;
			projectDirPath = "";
			projectRoot = "";
			targets = (
				2AF42137298D839900D46BA7 /* TheMovieDB */,
				2AF42147298D839A00D46BA7 /* TheMovieDBTests */,
				2AF42151298D839A00D46BA7 /* TheMovieDBUITests */,
			);
		};
/* End PBXProject section */

/* Begin PBXResourcesBuildPhase section */
		2AF42136298D839900D46BA7 /* Resources */ = {
			isa = PBXResourcesBuildPhase;
			buildActionMask = 2147483647;
			files = (
				2AF42143298D839A00D46BA7 /* Preview Assets.xcassets in Resources */,
				2AF42140298D839A00D46BA7 /* Assets.xcassets in Resources */,
			);
			runOnlyForDeploymentPostprocessing = 0;
		};
		2AF42146298D839A00D46BA7 /* Resources */ = {
			isa = PBXResourcesBuildPhase;
			buildActionMask = 2147483647;
			files = (
				2AF4220A29941EFF00D46BA7 /* themoviedb.json in Resources */,
				2AF4220B29941F0300D46BA7 /* MovieDetail.json in Resources */,
			);
			runOnlyForDeploymentPostprocessing = 0;
		};
		2AF42150298D839A00D46BA7 /* Resources */ = {
			isa = PBXResourcesBuildPhase;
			buildActionMask = 2147483647;
			files = (
			);
			runOnlyForDeploymentPostprocessing = 0;
		};
/* End PBXResourcesBuildPhase section */

/* Begin PBXSourcesBuildPhase section */
		2AF42134298D839900D46BA7 /* Sources */ = {
			isa = PBXSourcesBuildPhase;
			buildActionMask = 2147483647;
			files = (
				2AF421C6299274EE00D46BA7 /* NetworkConstants.swift in Sources */,
				2AF42169298D861300D46BA7 /* MovieRowView.swift in Sources */,
				2AF4216E298D89B100D46BA7 /* NetworkUtility.swift in Sources */,
				2AF42177298E59B400D46BA7 /* ImageDownloaderUtility.swift in Sources */,
				2AF4213E298D839900D46BA7 /* ContentView.swift in Sources */,
				2AF42170298D8BF000D46BA7 /* MovieListViewModel.swift in Sources */,
				2AF4217D298E8EFD00D46BA7 /* MovieDetails.swift in Sources */,
				2AF42179298E684C00D46BA7 /* LazyImage.swift in Sources */,
				2AF4213C298D839900D46BA7 /* TheMovieDBApp.swift in Sources */,
				2AF42188298E922300D46BA7 /* MovieDetailViewModel.swift in Sources */,
				2AF421CA2992799700D46BA7 /* TheMovieDBService.swift in Sources */,
				2AF42167298D85D300D46BA7 /* MovieListView.swift in Sources */,
				2AF42174298E4EB600D46BA7 /* MovieDetailView.swift in Sources */,
				2AF4216C298D895A00D46BA7 /* PopularMovieResponse.swift in Sources */,
			);
			runOnlyForDeploymentPostprocessing = 0;
		};
		2AF42144298D839A00D46BA7 /* Sources */ = {
			isa = PBXSourcesBuildPhase;
			buildActionMask = 2147483647;
			files = (
				2AF4220F2994218D00D46BA7 /* TheMovieDBServiceMock.swift in Sources */,
				2AF4221529942F4200D46BA7 /* MovieDetailViewModelTest.swift in Sources */,
				2AF422132994280100D46BA7 /* MovieListViewModelTest.swift in Sources */,
			);
			runOnlyForDeploymentPostprocessing = 0;
		};
		2AF4214E298D839A00D46BA7 /* Sources */ = {
			isa = PBXSourcesBuildPhase;
			buildActionMask = 2147483647;
			files = (
				2AF42157298D839A00D46BA7 /* TheMovieDBUITests.swift in Sources */,
				2AF42159298D839A00D46BA7 /* TheMovieDBUITestsLaunchTests.swift in Sources */,
			);
			runOnlyForDeploymentPostprocessing = 0;
		};
/* End PBXSourcesBuildPhase section */

/* Begin PBXTargetDependency section */
		2AF4214A298D839A00D46BA7 /* PBXTargetDependency */ = {
			isa = PBXTargetDependency;
			target = 2AF42137298D839900D46BA7 /* TheMovieDB */;
			targetProxy = 2AF42149298D839A00D46BA7 /* PBXContainerItemProxy */;
		};
		2AF42154298D839A00D46BA7 /* PBXTargetDependency */ = {
			isa = PBXTargetDependency;
			target = 2AF42137298D839900D46BA7 /* TheMovieDB */;
			targetProxy = 2AF42153298D839A00D46BA7 /* PBXContainerItemProxy */;
		};
/* End PBXTargetDependency section */

/* Begin XCBuildConfiguration section */
		2AF4215A298D839A00D46BA7 /* Debug */ = {
			isa = XCBuildConfiguration;
			buildSettings = {
				ALWAYS_SEARCH_USER_PATHS = NO;
				CLANG_ANALYZER_NONNULL = YES;
				CLANG_ANALYZER_NUMBER_OBJECT_CONVERSION = YES_AGGRESSIVE;
				CLANG_CXX_LANGUAGE_STANDARD = "gnu++20";
				CLANG_ENABLE_MODULES = YES;
				CLANG_ENABLE_OBJC_ARC = YES;
				CLANG_ENABLE_OBJC_WEAK = YES;
				CLANG_WARN_BLOCK_CAPTURE_AUTORELEASING = YES;
				CLANG_WARN_BOOL_CONVERSION = YES;
				CLANG_WARN_COMMA = YES;
				CLANG_WARN_CONSTANT_CONVERSION = YES;
				CLANG_WARN_DEPRECATED_OBJC_IMPLEMENTATIONS = YES;
				CLANG_WARN_DIRECT_OBJC_ISA_USAGE = YES_ERROR;
				CLANG_WARN_DOCUMENTATION_COMMENTS = YES;
				CLANG_WARN_EMPTY_BODY = YES;
				CLANG_WARN_ENUM_CONVERSION = YES;
				CLANG_WARN_INFINITE_RECURSION = YES;
				CLANG_WARN_INT_CONVERSION = YES;
				CLANG_WARN_NON_LITERAL_NULL_CONVERSION = YES;
				CLANG_WARN_OBJC_IMPLICIT_RETAIN_SELF = YES;
				CLANG_WARN_OBJC_LITERAL_CONVERSION = YES;
				CLANG_WARN_OBJC_ROOT_CLASS = YES_ERROR;
				CLANG_WARN_QUOTED_INCLUDE_IN_FRAMEWORK_HEADER = YES;
				CLANG_WARN_RANGE_LOOP_ANALYSIS = YES;
				CLANG_WARN_STRICT_PROTOTYPES = YES;
				CLANG_WARN_SUSPICIOUS_MOVE = YES;
				CLANG_WARN_UNGUARDED_AVAILABILITY = YES_AGGRESSIVE;
				CLANG_WARN_UNREACHABLE_CODE = YES;
				CLANG_WARN__DUPLICATE_METHOD_MATCH = YES;
				COPY_PHASE_STRIP = NO;
				DEBUG_INFORMATION_FORMAT = dwarf;
				ENABLE_STRICT_OBJC_MSGSEND = YES;
				ENABLE_TESTABILITY = YES;
				GCC_C_LANGUAGE_STANDARD = gnu11;
				GCC_DYNAMIC_NO_PIC = NO;
				GCC_NO_COMMON_BLOCKS = YES;
				GCC_OPTIMIZATION_LEVEL = 0;
				GCC_PREPROCESSOR_DEFINITIONS = (
					"DEBUG=1",
					"$(inherited)",
				);
				GCC_WARN_64_TO_32_BIT_CONVERSION = YES;
				GCC_WARN_ABOUT_RETURN_TYPE = YES_ERROR;
				GCC_WARN_UNDECLARED_SELECTOR = YES;
				GCC_WARN_UNINITIALIZED_AUTOS = YES_AGGRESSIVE;
				GCC_WARN_UNUSED_FUNCTION = YES;
				GCC_WARN_UNUSED_VARIABLE = YES;
				IPHONEOS_DEPLOYMENT_TARGET = 16.2;
				MTL_ENABLE_DEBUG_INFO = INCLUDE_SOURCE;
				MTL_FAST_MATH = YES;
				ONLY_ACTIVE_ARCH = YES;
				SDKROOT = iphoneos;
				SWIFT_ACTIVE_COMPILATION_CONDITIONS = DEBUG;
				SWIFT_OPTIMIZATION_LEVEL = "-Onone";
			};
			name = Debug;
		};
		2AF4215B298D839A00D46BA7 /* Release */ = {
			isa = XCBuildConfiguration;
			buildSettings = {
				ALWAYS_SEARCH_USER_PATHS = NO;
				CLANG_ANALYZER_NONNULL = YES;
				CLANG_ANALYZER_NUMBER_OBJECT_CONVERSION = YES_AGGRESSIVE;
				CLANG_CXX_LANGUAGE_STANDARD = "gnu++20";
				CLANG_ENABLE_MODULES = YES;
				CLANG_ENABLE_OBJC_ARC = YES;
				CLANG_ENABLE_OBJC_WEAK = YES;
				CLANG_WARN_BLOCK_CAPTURE_AUTORELEASING = YES;
				CLANG_WARN_BOOL_CONVERSION = YES;
				CLANG_WARN_COMMA = YES;
				CLANG_WARN_CONSTANT_CONVERSION = YES;
				CLANG_WARN_DEPRECATED_OBJC_IMPLEMENTATIONS = YES;
				CLANG_WARN_DIRECT_OBJC_ISA_USAGE = YES_ERROR;
				CLANG_WARN_DOCUMENTATION_COMMENTS = YES;
				CLANG_WARN_EMPTY_BODY = YES;
				CLANG_WARN_ENUM_CONVERSION = YES;
				CLANG_WARN_INFINITE_RECURSION = YES;
				CLANG_WARN_INT_CONVERSION = YES;
				CLANG_WARN_NON_LITERAL_NULL_CONVERSION = YES;
				CLANG_WARN_OBJC_IMPLICIT_RETAIN_SELF = YES;
				CLANG_WARN_OBJC_LITERAL_CONVERSION = YES;
				CLANG_WARN_OBJC_ROOT_CLASS = YES_ERROR;
				CLANG_WARN_QUOTED_INCLUDE_IN_FRAMEWORK_HEADER = YES;
				CLANG_WARN_RANGE_LOOP_ANALYSIS = YES;
				CLANG_WARN_STRICT_PROTOTYPES = YES;
				CLANG_WARN_SUSPICIOUS_MOVE = YES;
				CLANG_WARN_UNGUARDED_AVAILABILITY = YES_AGGRESSIVE;
				CLANG_WARN_UNREACHABLE_CODE = YES;
				CLANG_WARN__DUPLICATE_METHOD_MATCH = YES;
				COPY_PHASE_STRIP = NO;
				DEBUG_INFORMATION_FORMAT = "dwarf-with-dsym";
				ENABLE_NS_ASSERTIONS = NO;
				ENABLE_STRICT_OBJC_MSGSEND = YES;
				GCC_C_LANGUAGE_STANDARD = gnu11;
				GCC_NO_COMMON_BLOCKS = YES;
				GCC_WARN_64_TO_32_BIT_CONVERSION = YES;
				GCC_WARN_ABOUT_RETURN_TYPE = YES_ERROR;
				GCC_WARN_UNDECLARED_SELECTOR = YES;
				GCC_WARN_UNINITIALIZED_AUTOS = YES_AGGRESSIVE;
				GCC_WARN_UNUSED_FUNCTION = YES;
				GCC_WARN_UNUSED_VARIABLE = YES;
				IPHONEOS_DEPLOYMENT_TARGET = 16.2;
				MTL_ENABLE_DEBUG_INFO = NO;
				MTL_FAST_MATH = YES;
				SDKROOT = iphoneos;
				SWIFT_COMPILATION_MODE = wholemodule;
				SWIFT_OPTIMIZATION_LEVEL = "-O";
				VALIDATE_PRODUCT = YES;
			};
			name = Release;
		};
		2AF4215D298D839A00D46BA7 /* Debug */ = {
			isa = XCBuildConfiguration;
			buildSettings = {
				ASSETCATALOG_COMPILER_APPICON_NAME = AppIcon;
				ASSETCATALOG_COMPILER_GLOBAL_ACCENT_COLOR_NAME = AccentColor;
				CODE_SIGN_STYLE = Automatic;
				CURRENT_PROJECT_VERSION = 1;
				DEVELOPMENT_ASSET_PATHS = "\"TheMovieDB/Preview Content\"";
				DEVELOPMENT_TEAM = 27C4GFY9UN;
				ENABLE_PREVIEWS = YES;
				GENERATE_INFOPLIST_FILE = YES;
				INFOPLIST_KEY_UIApplicationSceneManifest_Generation = YES;
				INFOPLIST_KEY_UIApplicationSupportsIndirectInputEvents = YES;
				INFOPLIST_KEY_UILaunchScreen_Generation = YES;
				INFOPLIST_KEY_UISupportedInterfaceOrientations_iPad = "UIInterfaceOrientationPortrait UIInterfaceOrientationPortraitUpsideDown UIInterfaceOrientationLandscapeLeft UIInterfaceOrientationLandscapeRight";
				INFOPLIST_KEY_UISupportedInterfaceOrientations_iPhone = "UIInterfaceOrientationPortrait UIInterfaceOrientationLandscapeLeft UIInterfaceOrientationLandscapeRight";
				LD_RUNPATH_SEARCH_PATHS = (
					"$(inherited)",
					"@executable_path/Frameworks",
				);
				MARKETING_VERSION = 1.0;
				PRODUCT_BUNDLE_IDENTIFIER = com.nik.TheMovieDB;
				PRODUCT_NAME = "$(TARGET_NAME)";
				SWIFT_EMIT_LOC_STRINGS = YES;
				SWIFT_VERSION = 5.0;
				TARGETED_DEVICE_FAMILY = "1,2";
			};
			name = Debug;
		};
		2AF4215E298D839A00D46BA7 /* Release */ = {
			isa = XCBuildConfiguration;
			buildSettings = {
				ASSETCATALOG_COMPILER_APPICON_NAME = AppIcon;
				ASSETCATALOG_COMPILER_GLOBAL_ACCENT_COLOR_NAME = AccentColor;
				CODE_SIGN_STYLE = Automatic;
				CURRENT_PROJECT_VERSION = 1;
				DEVELOPMENT_ASSET_PATHS = "\"TheMovieDB/Preview Content\"";
				DEVELOPMENT_TEAM = 27C4GFY9UN;
				ENABLE_PREVIEWS = YES;
				GENERATE_INFOPLIST_FILE = YES;
				INFOPLIST_KEY_UIApplicationSceneManifest_Generation = YES;
				INFOPLIST_KEY_UIApplicationSupportsIndirectInputEvents = YES;
				INFOPLIST_KEY_UILaunchScreen_Generation = YES;
				INFOPLIST_KEY_UISupportedInterfaceOrientations_iPad = "UIInterfaceOrientationPortrait UIInterfaceOrientationPortraitUpsideDown UIInterfaceOrientationLandscapeLeft UIInterfaceOrientationLandscapeRight";
				INFOPLIST_KEY_UISupportedInterfaceOrientations_iPhone = "UIInterfaceOrientationPortrait UIInterfaceOrientationLandscapeLeft UIInterfaceOrientationLandscapeRight";
				LD_RUNPATH_SEARCH_PATHS = (
					"$(inherited)",
					"@executable_path/Frameworks",
				);
				MARKETING_VERSION = 1.0;
				PRODUCT_BUNDLE_IDENTIFIER = com.nik.TheMovieDB;
				PRODUCT_NAME = "$(TARGET_NAME)";
				SWIFT_EMIT_LOC_STRINGS = YES;
				SWIFT_VERSION = 5.0;
				TARGETED_DEVICE_FAMILY = "1,2";
			};
			name = Release;
		};
		2AF42160298D839A00D46BA7 /* Debug */ = {
			isa = XCBuildConfiguration;
			buildSettings = {
				ALWAYS_EMBED_SWIFT_STANDARD_LIBRARIES = YES;
				BUNDLE_LOADER = "$(TEST_HOST)";
				CODE_SIGN_STYLE = Automatic;
				CURRENT_PROJECT_VERSION = 1;
				DEVELOPMENT_TEAM = 27C4GFY9UN;
				GENERATE_INFOPLIST_FILE = YES;
				IPHONEOS_DEPLOYMENT_TARGET = 16.2;
				MARKETING_VERSION = 1.0;
				PRODUCT_BUNDLE_IDENTIFIER = com.nik.TheMovieDBTests;
				PRODUCT_NAME = "$(TARGET_NAME)";
				SWIFT_EMIT_LOC_STRINGS = NO;
				SWIFT_VERSION = 5.0;
				TARGETED_DEVICE_FAMILY = "1,2";
				TEST_HOST = "$(BUILT_PRODUCTS_DIR)/TheMovieDB.app/$(BUNDLE_EXECUTABLE_FOLDER_PATH)/TheMovieDB";
			};
			name = Debug;
		};
		2AF42161298D839A00D46BA7 /* Release */ = {
			isa = XCBuildConfiguration;
			buildSettings = {
				ALWAYS_EMBED_SWIFT_STANDARD_LIBRARIES = YES;
				BUNDLE_LOADER = "$(TEST_HOST)";
				CODE_SIGN_STYLE = Automatic;
				CURRENT_PROJECT_VERSION = 1;
				DEVELOPMENT_TEAM = 27C4GFY9UN;
				GENERATE_INFOPLIST_FILE = YES;
				IPHONEOS_DEPLOYMENT_TARGET = 16.2;
				MARKETING_VERSION = 1.0;
				PRODUCT_BUNDLE_IDENTIFIER = com.nik.TheMovieDBTests;
				PRODUCT_NAME = "$(TARGET_NAME)";
				SWIFT_EMIT_LOC_STRINGS = NO;
				SWIFT_VERSION = 5.0;
				TARGETED_DEVICE_FAMILY = "1,2";
				TEST_HOST = "$(BUILT_PRODUCTS_DIR)/TheMovieDB.app/$(BUNDLE_EXECUTABLE_FOLDER_PATH)/TheMovieDB";
			};
			name = Release;
		};
		2AF42163298D839A00D46BA7 /* Debug */ = {
			isa = XCBuildConfiguration;
			buildSettings = {
				ALWAYS_EMBED_SWIFT_STANDARD_LIBRARIES = YES;
				CODE_SIGN_STYLE = Automatic;
				CURRENT_PROJECT_VERSION = 1;
				DEVELOPMENT_TEAM = 27C4GFY9UN;
				GENERATE_INFOPLIST_FILE = YES;
				MARKETING_VERSION = 1.0;
				PRODUCT_BUNDLE_IDENTIFIER = com.nik.TheMovieDBUITests;
				PRODUCT_NAME = "$(TARGET_NAME)";
				SWIFT_EMIT_LOC_STRINGS = NO;
				SWIFT_VERSION = 5.0;
				TARGETED_DEVICE_FAMILY = "1,2";
				TEST_TARGET_NAME = TheMovieDB;
			};
			name = Debug;
		};
		2AF42164298D839A00D46BA7 /* Release */ = {
			isa = XCBuildConfiguration;
			buildSettings = {
				ALWAYS_EMBED_SWIFT_STANDARD_LIBRARIES = YES;
				CODE_SIGN_STYLE = Automatic;
				CURRENT_PROJECT_VERSION = 1;
				DEVELOPMENT_TEAM = 27C4GFY9UN;
				GENERATE_INFOPLIST_FILE = YES;
				MARKETING_VERSION = 1.0;
				PRODUCT_BUNDLE_IDENTIFIER = com.nik.TheMovieDBUITests;
				PRODUCT_NAME = "$(TARGET_NAME)";
				SWIFT_EMIT_LOC_STRINGS = NO;
				SWIFT_VERSION = 5.0;
				TARGETED_DEVICE_FAMILY = "1,2";
				TEST_TARGET_NAME = TheMovieDB;
			};
			name = Release;
		};
/* End XCBuildConfiguration section */

/* Begin XCConfigurationList section */
		2AF42133298D839900D46BA7 /* Build configuration list for PBXProject "TheMovieDB" */ = {
			isa = XCConfigurationList;
			buildConfigurations = (
				2AF4215A298D839A00D46BA7 /* Debug */,
				2AF4215B298D839A00D46BA7 /* Release */,
			);
			defaultConfigurationIsVisible = 0;
			defaultConfigurationName = Release;
		};
		2AF4215C298D839A00D46BA7 /* Build configuration list for PBXNativeTarget "TheMovieDB" */ = {
			isa = XCConfigurationList;
			buildConfigurations = (
				2AF4215D298D839A00D46BA7 /* Debug */,
				2AF4215E298D839A00D46BA7 /* Release */,
			);
			defaultConfigurationIsVisible = 0;
			defaultConfigurationName = Release;
		};
		2AF4215F298D839A00D46BA7 /* Build configuration list for PBXNativeTarget "TheMovieDBTests" */ = {
			isa = XCConfigurationList;
			buildConfigurations = (
				2AF42160298D839A00D46BA7 /* Debug */,
				2AF42161298D839A00D46BA7 /* Release */,
			);
			defaultConfigurationIsVisible = 0;
			defaultConfigurationName = Release;
		};
		2AF42162298D839A00D46BA7 /* Build configuration list for PBXNativeTarget "TheMovieDBUITests" */ = {
			isa = XCConfigurationList;
			buildConfigurations = (
				2AF42163298D839A00D46BA7 /* Debug */,
				2AF42164298D839A00D46BA7 /* Release */,
			);
			defaultConfigurationIsVisible = 0;
			defaultConfigurationName = Release;
		};
/* End XCConfigurationList section */
	};
	rootObject = 2AF42130298D839900D46BA7 /* Project object */;
}
